
Microsoft Visual Studio Solution File, Format Version 12.00
# Visual Studio Version 17
VisualStudioVersion = 17.10.34928.147
MinimumVisualStudioVersion = 10.0.40219.1
Project("{2150E333-8FDC-42A3-9474-1A3956D46DE8}") = "BuildingBlock", "BuildingBlock", "{8030A037-857A-4DE1-A9CF-EDFB26A05186}"
EndProject
Project("{2150E333-8FDC-42A3-9474-1A3956D46DE8}") = "Services", "Services", "{305C62F2-B86A-4BE8-92AD-2E228C3ADD05}"
EndProject
Project("{2150E333-8FDC-42A3-9474-1A3956D46DE8}") = "Catalog", "Catalog", "{D88AA993-1B90-446A-A490-D6DBD6EEF640}"
EndProject
Project("{9A19103F-16F7-4668-BE54-9A1E7A4F7556}") = "BuildingBlocks", "BuildingBlock\BuildingBlocks\BuildingBlocks.csproj", "{A025D090-DAE2-4B64-AD0E-91DFE1B1E039}"
EndProject
Project("{9A19103F-16F7-4668-BE54-9A1E7A4F7556}") = "Catalog.API", "Services\Catalog\Catalog.API\Catalog.API.csproj", "{9B7D51AA-AB5F-4122-912B-016206E0E7F8}"
EndProject
Project("{E53339B2-1760-4266-BCC7-CA923CBCF16C}") = "docker-compose", "docker-compose.dcproj", "{D1BEA6D5-873F-4AD5-A1AF-95BCED407ABD}"
EndProject
Project("{2150E333-8FDC-42A3-9474-1A3956D46DE8}") = "Basket", "Basket", "{F982A835-A522-4FA3-BBFB-5A3D2CF23713}"
EndProject
Project("{9A19103F-16F7-4668-BE54-9A1E7A4F7556}") = "Basket.API", "Services\Basket\Basket.API\Basket.API.csproj", "{A6BF19B0-A823-48C6-A60B-851D50F2A249}"
EndProject
Project("{2150E333-8FDC-42A3-9474-1A3956D46DE8}") = "Discount", "Discount", "{72D2C381-15C7-4245-BFCB-1528801A7B0D}"
EndProject
Project("{9A19103F-16F7-4668-BE54-9A1E7A4F7556}") = "Discount.Grpc", "Services\Discount\Discount.Grpc\Discount.Grpc.csproj", "{AE1C4D0D-904E-43BD-940A-7734FC3EA4D6}"
EndProject
Project("{2150E333-8FDC-42A3-9474-1A3956D46DE8}") = "Solution Items", "Solution Items", "{8D423DB9-C178-419A-AAE7-C9E05D0E83B8}"
	ProjectSection(SolutionItems) = preProject
		.editorconfig = .editorconfig
	EndProjectSection
EndProject
Project("{2150E333-8FDC-42A3-9474-1A3956D46DE8}") = "Ordering", "Ordering", "{D909A83B-5251-4458-BC62-F25E73A38A73}"
EndProject
Project("{FAE04EC0-301F-11D3-BF4B-00C04F79EFBC}") = "Ordering.API", "Services\Ordering\Ordering.API\Ordering.API.csproj", "{EF4E6754-CCA1-4F21-B02A-822C1DFA12B1}"
EndProject
Project("{FAE04EC0-301F-11D3-BF4B-00C04F79EFBC}") = "Ordering.Domain", "Services\Ordering\Ordering.Domain\Ordering.Domain.csproj", "{0D1AF9FC-E7CA-44E5-B2A1-F619475E9A24}"
EndProject
Project("{FAE04EC0-301F-11D3-BF4B-00C04F79EFBC}") = "Ordering.Application", "Services\Ordering\Ordering.Application\Ordering.Application.csproj", "{816093A6-B7DD-4634-848C-0AE0B2E08CB9}"
EndProject
Project("{FAE04EC0-301F-11D3-BF4B-00C04F79EFBC}") = "Ordering.Infrastructure", "Services\Ordering\Ordering.Infrastructure\Ordering.Infrastructure.csproj", "{0645883F-7CA6-41D0-874B-EBC47E3CBBC6}"
EndProject
Project("{2150E333-8FDC-42A3-9474-1A3956D46DE8}") = "User", "User", "{ADF4DD8A-7DA6-4B14-9BCF-09BFBEC1948E}"
EndProject
Project("{2150E333-8FDC-42A3-9474-1A3956D46DE8}") = "Tests", "Tests", "{BF920306-D1BC-461E-94D4-B8293C230771}"
EndProject
Project("{FAE04EC0-301F-11D3-BF4B-00C04F79EFBC}") = "UserService", "Services\UserService\UserService.csproj", "{FFC6B422-763F-446F-9A4F-24AE74F4CB4E}"
EndProject
Project("{FAE04EC0-301F-11D3-BF4B-00C04F79EFBC}") = "UserService.Test", "UserService.Test\UserService.Test.csproj", "{0455FE55-9001-4EE8-85B5-9B4D296C4062}"
EndProject
Global
	GlobalSection(SolutionConfigurationPlatforms) = preSolution
		Debug|Any CPU = Debug|Any CPU
		Release|Any CPU = Release|Any CPU
	EndGlobalSection
	GlobalSection(ProjectConfigurationPlatforms) = postSolution
		{A025D090-DAE2-4B64-AD0E-91DFE1B1E039}.Debug|Any CPU.ActiveCfg = Debug|Any CPU
		{A025D090-DAE2-4B64-AD0E-91DFE1B1E039}.Debug|Any CPU.Build.0 = Debug|Any CPU
		{A025D090-DAE2-4B64-AD0E-91DFE1B1E039}.Release|Any CPU.ActiveCfg = Release|Any CPU
		{A025D090-DAE2-4B64-AD0E-91DFE1B1E039}.Release|Any CPU.Build.0 = Release|Any CPU
		{9B7D51AA-AB5F-4122-912B-016206E0E7F8}.Debug|Any CPU.ActiveCfg = Debug|Any CPU
		{9B7D51AA-AB5F-4122-912B-016206E0E7F8}.Debug|Any CPU.Build.0 = Debug|Any CPU
		{9B7D51AA-AB5F-4122-912B-016206E0E7F8}.Release|Any CPU.ActiveCfg = Release|Any CPU
		{9B7D51AA-AB5F-4122-912B-016206E0E7F8}.Release|Any CPU.Build.0 = Release|Any CPU
		{D1BEA6D5-873F-4AD5-A1AF-95BCED407ABD}.Debug|Any CPU.ActiveCfg = Debug|Any CPU
		{D1BEA6D5-873F-4AD5-A1AF-95BCED407ABD}.Debug|Any CPU.Build.0 = Debug|Any CPU
		{D1BEA6D5-873F-4AD5-A1AF-95BCED407ABD}.Release|Any CPU.ActiveCfg = Release|Any CPU
		{D1BEA6D5-873F-4AD5-A1AF-95BCED407ABD}.Release|Any CPU.Build.0 = Release|Any CPU
		{A6BF19B0-A823-48C6-A60B-851D50F2A249}.Debug|Any CPU.ActiveCfg = Debug|Any CPU
		{A6BF19B0-A823-48C6-A60B-851D50F2A249}.Debug|Any CPU.Build.0 = Debug|Any CPU
		{A6BF19B0-A823-48C6-A60B-851D50F2A249}.Release|Any CPU.ActiveCfg = Release|Any CPU
		{A6BF19B0-A823-48C6-A60B-851D50F2A249}.Release|Any CPU.Build.0 = Release|Any CPU
		{AE1C4D0D-904E-43BD-940A-7734FC3EA4D6}.Debug|Any CPU.ActiveCfg = Debug|Any CPU
		{AE1C4D0D-904E-43BD-940A-7734FC3EA4D6}.Debug|Any CPU.Build.0 = Debug|Any CPU
		{AE1C4D0D-904E-43BD-940A-7734FC3EA4D6}.Release|Any CPU.ActiveCfg = Release|Any CPU
		{AE1C4D0D-904E-43BD-940A-7734FC3EA4D6}.Release|Any CPU.Build.0 = Release|Any CPU
		{EF4E6754-CCA1-4F21-B02A-822C1DFA12B1}.Debug|Any CPU.ActiveCfg = Debug|Any CPU
		{EF4E6754-CCA1-4F21-B02A-822C1DFA12B1}.Debug|Any CPU.Build.0 = Debug|Any CPU
		{EF4E6754-CCA1-4F21-B02A-822C1DFA12B1}.Release|Any CPU.ActiveCfg = Release|Any CPU
		{EF4E6754-CCA1-4F21-B02A-822C1DFA12B1}.Release|Any CPU.Build.0 = Release|Any CPU
		{0D1AF9FC-E7CA-44E5-B2A1-F619475E9A24}.Debug|Any CPU.ActiveCfg = Debug|Any CPU
		{0D1AF9FC-E7CA-44E5-B2A1-F619475E9A24}.Debug|Any CPU.Build.0 = Debug|Any CPU
		{0D1AF9FC-E7CA-44E5-B2A1-F619475E9A24}.Release|Any CPU.ActiveCfg = Release|Any CPU
		{0D1AF9FC-E7CA-44E5-B2A1-F619475E9A24}.Release|Any CPU.Build.0 = Release|Any CPU
		{816093A6-B7DD-4634-848C-0AE0B2E08CB9}.Debug|Any CPU.ActiveCfg = Debug|Any CPU
		{816093A6-B7DD-4634-848C-0AE0B2E08CB9}.Debug|Any CPU.Build.0 = Debug|Any CPU
		{816093A6-B7DD-4634-848C-0AE0B2E08CB9}.Release|Any CPU.ActiveCfg = Release|Any CPU
		{816093A6-B7DD-4634-848C-0AE0B2E08CB9}.Release|Any CPU.Build.0 = Release|Any CPU
		{0645883F-7CA6-41D0-874B-EBC47E3CBBC6}.Debug|Any CPU.ActiveCfg = Debug|Any CPU
		{0645883F-7CA6-41D0-874B-EBC47E3CBBC6}.Debug|Any CPU.Build.0 = Debug|Any CPU
		{0645883F-7CA6-41D0-874B-EBC47E3CBBC6}.Release|Any CPU.ActiveCfg = Release|Any CPU
		{0645883F-7CA6-41D0-874B-EBC47E3CBBC6}.Release|Any CPU.Build.0 = Release|Any CPU
		{FFC6B422-763F-446F-9A4F-24AE74F4CB4E}.Debug|Any CPU.ActiveCfg = Debug|Any CPU
		{FFC6B422-763F-446F-9A4F-24AE74F4CB4E}.Debug|Any CPU.Build.0 = Debug|Any CPU
		{FFC6B422-763F-446F-9A4F-24AE74F4CB4E}.Release|Any CPU.ActiveCfg = Release|Any CPU
		{FFC6B422-763F-446F-9A4F-24AE74F4CB4E}.Release|Any CPU.Build.0 = Release|Any CPU
		{0455FE55-9001-4EE8-85B5-9B4D296C4062}.Debug|Any CPU.ActiveCfg = Debug|Any CPU
		{0455FE55-9001-4EE8-85B5-9B4D296C4062}.Debug|Any CPU.Build.0 = Debug|Any CPU
		{0455FE55-9001-4EE8-85B5-9B4D296C4062}.Release|Any CPU.ActiveCfg = Release|Any CPU
		{0455FE55-9001-4EE8-85B5-9B4D296C4062}.Release|Any CPU.Build.0 = Release|Any CPU
	EndGlobalSection
	GlobalSection(SolutionProperties) = preSolution
		HideSolutionNode = FALSE
	EndGlobalSection
	GlobalSection(NestedProjects) = preSolution
		{D88AA993-1B90-446A-A490-D6DBD6EEF640} = {305C62F2-B86A-4BE8-92AD-2E228C3ADD05}
		{A025D090-DAE2-4B64-AD0E-91DFE1B1E039} = {8030A037-857A-4DE1-A9CF-EDFB26A05186}
		{9B7D51AA-AB5F-4122-912B-016206E0E7F8} = {D88AA993-1B90-446A-A490-D6DBD6EEF640}
		{F982A835-A522-4FA3-BBFB-5A3D2CF23713} = {305C62F2-B86A-4BE8-92AD-2E228C3ADD05}
		{A6BF19B0-A823-48C6-A60B-851D50F2A249} = {F982A835-A522-4FA3-BBFB-5A3D2CF23713}
		{72D2C381-15C7-4245-BFCB-1528801A7B0D} = {305C62F2-B86A-4BE8-92AD-2E228C3ADD05}
		{AE1C4D0D-904E-43BD-940A-7734FC3EA4D6} = {72D2C381-15C7-4245-BFCB-1528801A7B0D}
		{D909A83B-5251-4458-BC62-F25E73A38A73} = {305C62F2-B86A-4BE8-92AD-2E228C3ADD05}
		{EF4E6754-CCA1-4F21-B02A-822C1DFA12B1} = {D909A83B-5251-4458-BC62-F25E73A38A73}
		{0D1AF9FC-E7CA-44E5-B2A1-F619475E9A24} = {D909A83B-5251-4458-BC62-F25E73A38A73}
		{816093A6-B7DD-4634-848C-0AE0B2E08CB9} = {D909A83B-5251-4458-BC62-F25E73A38A73}
		{0645883F-7CA6-41D0-874B-EBC47E3CBBC6} = {D909A83B-5251-4458-BC62-F25E73A38A73}
		{ADF4DD8A-7DA6-4B14-9BCF-09BFBEC1948E} = {305C62F2-B86A-4BE8-92AD-2E228C3ADD05}
		{FFC6B422-763F-446F-9A4F-24AE74F4CB4E} = {ADF4DD8A-7DA6-4B14-9BCF-09BFBEC1948E}
		{0455FE55-9001-4EE8-85B5-9B4D296C4062} = {BF920306-D1BC-461E-94D4-B8293C230771}
	EndGlobalSection
	GlobalSection(ExtensibilityGlobals) = postSolution
		SolutionGuid = {4794A0B7-FB23-49E3-91DD-3815D998FB2D}
	EndGlobalSection
EndGlobal
